{
  "name": "sbtc-bridge-lib",
  "version": "1.0.69",
  "lockfileVersion": 3,
  "requires": true,
  "packages": {
    "": {
      "name": "sbtc-bridge-lib",
      "version": "1.0.69",
      "license": "ISC",
      "dependencies": {
        "@noble/secp256k1": "^2.0.0",
        "@scure/base": "^1.1.1",
        "@scure/btc-signer": "^1.1.0",
        "@stacks/encryption": "^6.5.4",
        "@stacks/stacks-blockchain-api-types": "^7.1.10",
        "base58check": "^2.0.0",
        "c32check": "^2.0.0",
        "micro-packed": "^0.3.2",
        "micro-stacks": "^1.2.1"
      },
      "devDependencies": {
        "@types/node": "^20.1.7",
        "typescript": "^5.0.4",
        "vitest": "^0.31.1",
        "vitest-fetch-mock": "^0.2.2"
      }
    },
    "node_modules/@esbuild/darwin-x64": {
      "version": "0.17.19",
      "cpu": [
        "x64"
      ],
      "dev": true,
      "license": "MIT",
      "optional": true,
      "os": [
        "darwin"
      ],
      "engines": {
        "node": ">=12"
      }
    },
    "node_modules/@jridgewell/sourcemap-codec": {
      "version": "1.4.15",
      "dev": true,
      "license": "MIT"
    },
    "node_modules/@noble/curves": {
      "version": "1.2.0",
      "resolved": "https://registry.npmjs.org/@noble/curves/-/curves-1.2.0.tgz",
      "integrity": "sha512-oYclrNgRaM9SsBUBVbb8M6DTV7ZHRTKugureoYEncY5c65HOmRzvSiTE3y5CYaPYJA/GVkrhXEoF0M3Ya9PMnw==",
      "dependencies": {
        "@noble/hashes": "1.3.2"
      },
      "funding": {
        "url": "https://paulmillr.com/funding/"
      }
    },
    "node_modules/@noble/hashes": {
      "version": "1.3.2",
      "resolved": "https://registry.npmjs.org/@noble/hashes/-/hashes-1.3.2.tgz",
      "integrity": "sha512-MVC8EAQp7MvEcm30KWENFjgR+Mkmf+D189XJTkFIlwohU5hcBbn1ZkKq7KVTi2Hme3PMGF390DaL52beVrIihQ==",
      "engines": {
        "node": ">= 16"
      },
      "funding": {
        "url": "https://paulmillr.com/funding/"
      }
    },
    "node_modules/@noble/secp256k1": {
      "version": "2.0.0",
      "funding": [
        {
          "type": "individual",
          "url": "https://paulmillr.com/funding/"
        }
      ],
      "license": "MIT"
    },
    "node_modules/@scure/base": {
      "version": "1.1.3",
      "resolved": "https://registry.npmjs.org/@scure/base/-/base-1.1.3.tgz",
      "integrity": "sha512-/+SgoRjLq7Xlf0CWuLHq2LUZeL/w65kfzAPG5NH9pcmBhs+nunQTn4gvdwgMTIXnt9b2C/1SeL2XiysZEyIC9Q==",
      "funding": {
        "url": "https://paulmillr.com/funding/"
      }
    },
    "node_modules/@scure/bip39": {
      "version": "1.1.0",
      "funding": [
        {
          "type": "individual",
          "url": "https://paulmillr.com/funding/"
        }
      ],
      "license": "MIT",
      "dependencies": {
        "@noble/hashes": "~1.1.1",
        "@scure/base": "~1.1.0"
      }
    },
    "node_modules/@scure/bip39/node_modules/@noble/hashes": {
      "version": "1.1.5",
      "funding": [
        {
          "type": "individual",
          "url": "https://paulmillr.com/funding/"
        }
      ],
      "license": "MIT"
    },
    "node_modules/@scure/btc-signer": {
      "version": "1.1.0",
      "resolved": "https://registry.npmjs.org/@scure/btc-signer/-/btc-signer-1.1.0.tgz",
      "integrity": "sha512-kCX7WaaTJr0VZIXDvaY0wNZfzZoZuLnPz4G0qmKXN8bnNx5M86wb1cce9XrZcfzb0jrVAbZJqNpxmE1e7Ka2hA==",
      "dependencies": {
        "@noble/curves": "~1.2.0",
        "@noble/hashes": "~1.3.1",
        "@scure/base": "~1.1.3",
        "micro-packed": "~0.3.2"
      },
      "funding": {
        "url": "https://paulmillr.com/funding/"
      }
    },
    "node_modules/@stacks/common": {
      "version": "6.5.2",
      "license": "MIT",
      "dependencies": {
        "@types/bn.js": "^5.1.0",
        "@types/node": "^18.0.4"
      }
    },
    "node_modules/@stacks/common/node_modules/@types/node": {
      "version": "18.16.12",
      "license": "MIT"
    },
    "node_modules/@stacks/encryption": {
      "version": "6.5.4",
      "license": "MIT",
      "dependencies": {
        "@noble/hashes": "1.1.5",
        "@noble/secp256k1": "1.7.1",
        "@scure/bip39": "1.1.0",
        "@stacks/common": "^6.5.2",
        "@types/node": "^18.0.4",
        "base64-js": "^1.5.1",
        "bs58": "^5.0.0",
        "ripemd160-min": "^0.0.6",
        "varuint-bitcoin": "^1.1.2"
      }
    },
    "node_modules/@stacks/encryption/node_modules/@noble/hashes": {
      "version": "1.1.5",
      "funding": [
        {
          "type": "individual",
          "url": "https://paulmillr.com/funding/"
        }
      ],
      "license": "MIT"
    },
    "node_modules/@stacks/encryption/node_modules/@noble/secp256k1": {
      "version": "1.7.1",
      "funding": [
        {
          "type": "individual",
          "url": "https://paulmillr.com/funding/"
        }
      ],
      "license": "MIT"
    },
    "node_modules/@stacks/encryption/node_modules/@types/node": {
      "version": "18.16.12",
      "license": "MIT"
    },
    "node_modules/@stacks/stacks-blockchain-api-types": {
      "version": "7.1.10",
      "license": "ISC"
    },
    "node_modules/@types/bn.js": {
      "version": "5.1.1",
      "license": "MIT",
      "dependencies": {
        "@types/node": "*"
      }
    },
    "node_modules/@types/chai": {
      "version": "4.3.5",
      "dev": true,
      "license": "MIT"
    },
    "node_modules/@types/chai-subset": {
      "version": "1.3.3",
      "dev": true,
      "license": "MIT",
      "dependencies": {
        "@types/chai": "*"
      }
    },
    "node_modules/@types/node": {
      "version": "20.1.7",
      "license": "MIT"
    },
    "node_modules/@vitest/expect": {
      "version": "0.31.1",
      "dev": true,
      "license": "MIT",
      "dependencies": {
        "@vitest/spy": "0.31.1",
        "@vitest/utils": "0.31.1",
        "chai": "^4.3.7"
      },
      "funding": {
        "url": "https://opencollective.com/vitest"
      }
    },
    "node_modules/@vitest/runner": {
      "version": "0.31.1",
      "dev": true,
      "license": "MIT",
      "dependencies": {
        "@vitest/utils": "0.31.1",
        "concordance": "^5.0.4",
        "p-limit": "^4.0.0",
        "pathe": "^1.1.0"
      },
      "funding": {
        "url": "https://opencollective.com/vitest"
      }
    },
    "node_modules/@vitest/snapshot": {
      "version": "0.31.1",
      "dev": true,
      "license": "MIT",
      "dependencies": {
        "magic-string": "^0.30.0",
        "pathe": "^1.1.0",
        "pretty-format": "^27.5.1"
      },
      "funding": {
        "url": "https://opencollective.com/vitest"
      }
    },
    "node_modules/@vitest/spy": {
      "version": "0.31.1",
      "dev": true,
      "license": "MIT",
      "dependencies": {
        "tinyspy": "^2.1.0"
      },
      "funding": {
        "url": "https://opencollective.com/vitest"
      }
    },
    "node_modules/@vitest/utils": {
      "version": "0.31.1",
      "dev": true,
      "license": "MIT",
      "dependencies": {
        "concordance": "^5.0.4",
        "loupe": "^2.3.6",
        "pretty-format": "^27.5.1"
      },
      "funding": {
        "url": "https://opencollective.com/vitest"
      }
    },
    "node_modules/acorn": {
      "version": "8.8.2",
      "dev": true,
      "license": "MIT",
      "bin": {
        "acorn": "bin/acorn"
      },
      "engines": {
        "node": ">=0.4.0"
      }
    },
    "node_modules/acorn-walk": {
      "version": "8.2.0",
      "dev": true,
      "license": "MIT",
      "engines": {
        "node": ">=0.4.0"
      }
    },
    "node_modules/ansi-regex": {
      "version": "5.0.1",
      "dev": true,
      "license": "MIT",
      "engines": {
        "node": ">=8"
      }
    },
    "node_modules/ansi-styles": {
      "version": "5.2.0",
      "dev": true,
      "license": "MIT",
      "engines": {
        "node": ">=10"
      },
      "funding": {
        "url": "https://github.com/chalk/ansi-styles?sponsor=1"
      }
    },
    "node_modules/assertion-error": {
      "version": "1.1.0",
      "dev": true,
      "license": "MIT",
      "engines": {
        "node": "*"
      }
    },
    "node_modules/base-x": {
      "version": "4.0.0",
      "license": "MIT"
    },
    "node_modules/base58check": {
      "version": "2.0.0",
      "resolved": "https://registry.npmjs.org/base58check/-/base58check-2.0.0.tgz",
      "integrity": "sha512-sTzsDAOC9+i2Ukr3p1Ie2DWpD117ua+vBJRDnpsSlScGwImeeiTg/IatwcFLsz9K9wEGoBLVd5ahNZzrZ/jZyg==",
      "dependencies": {
        "bs58": "^3.0.0"
      }
    },
    "node_modules/base58check/node_modules/base-x": {
      "version": "1.1.0",
      "resolved": "https://registry.npmjs.org/base-x/-/base-x-1.1.0.tgz",
      "integrity": "sha512-c0WLeG3K5OlL4Skz2/LVdS+MjggByKhowxQpG+JpCLA48s/bGwIDyzA1naFjywtNvp/37fLK0p0FpjTNNLLUXQ=="
    },
    "node_modules/base58check/node_modules/bs58": {
      "version": "3.1.0",
      "resolved": "https://registry.npmjs.org/bs58/-/bs58-3.1.0.tgz",
      "integrity": "sha512-9C2bRFTGy3meqO65O9jLvVTyawvhLVp4h2ECm5KlRPuV5KPDNJZcJIj3gl+aA0ENXcYrUSLCkPAeqbTcI2uWyQ==",
      "dependencies": {
        "base-x": "^1.1.0"
      }
    },
    "node_modules/base64-js": {
      "version": "1.5.1",
      "funding": [
        {
          "type": "github",
          "url": "https://github.com/sponsors/feross"
        },
        {
          "type": "patreon",
          "url": "https://www.patreon.com/feross"
        },
        {
          "type": "consulting",
          "url": "https://feross.org/support"
        }
      ],
      "license": "MIT"
    },
    "node_modules/blueimp-md5": {
      "version": "2.19.0",
      "dev": true,
      "license": "MIT"
    },
    "node_modules/bs58": {
      "version": "5.0.0",
      "license": "MIT",
      "dependencies": {
        "base-x": "^4.0.0"
      }
    },
    "node_modules/c32check": {
      "version": "2.0.0",
      "license": "MIT",
      "dependencies": {
        "@noble/hashes": "^1.1.2",
        "base-x": "^4.0.0"
      },
      "engines": {
        "node": ">=8"
      }
    },
    "node_modules/cac": {
      "version": "6.7.14",
      "dev": true,
      "license": "MIT",
      "engines": {
        "node": ">=8"
      }
    },
    "node_modules/chai": {
      "version": "4.3.7",
      "dev": true,
      "license": "MIT",
      "dependencies": {
        "assertion-error": "^1.1.0",
        "check-error": "^1.0.2",
        "deep-eql": "^4.1.2",
        "get-func-name": "^2.0.0",
        "loupe": "^2.3.1",
        "pathval": "^1.1.1",
        "type-detect": "^4.0.5"
      },
      "engines": {
        "node": ">=4"
      }
    },
    "node_modules/check-error": {
      "version": "1.0.2",
      "dev": true,
      "license": "MIT",
      "engines": {
        "node": "*"
      }
    },
    "node_modules/concordance": {
      "version": "5.0.4",
      "dev": true,
      "license": "ISC",
      "dependencies": {
        "date-time": "^3.1.0",
        "esutils": "^2.0.3",
        "fast-diff": "^1.2.0",
        "js-string-escape": "^1.0.1",
        "lodash": "^4.17.15",
        "md5-hex": "^3.0.1",
        "semver": "^7.3.2",
        "well-known-symbols": "^2.0.0"
      },
      "engines": {
        "node": ">=10.18.0 <11 || >=12.14.0 <13 || >=14"
      }
    },
    "node_modules/cross-fetch": {
      "version": "3.1.6",
      "dev": true,
      "license": "MIT",
      "dependencies": {
        "node-fetch": "^2.6.11"
      }
    },
    "node_modules/date-time": {
      "version": "3.1.0",
      "dev": true,
      "license": "MIT",
      "dependencies": {
        "time-zone": "^1.0.0"
      },
      "engines": {
        "node": ">=6"
      }
    },
    "node_modules/debug": {
      "version": "4.3.4",
      "dev": true,
      "license": "MIT",
      "dependencies": {
        "ms": "2.1.2"
      },
      "engines": {
        "node": ">=6.0"
      },
      "peerDependenciesMeta": {
        "supports-color": {
          "optional": true
        }
      }
    },
    "node_modules/deep-eql": {
      "version": "4.1.3",
      "dev": true,
      "license": "MIT",
      "dependencies": {
        "type-detect": "^4.0.0"
      },
      "engines": {
        "node": ">=6"
      }
    },
    "node_modules/esbuild": {
      "version": "0.17.19",
      "dev": true,
      "hasInstallScript": true,
      "license": "MIT",
      "bin": {
        "esbuild": "bin/esbuild"
      },
      "engines": {
        "node": ">=12"
      },
      "optionalDependencies": {
        "@esbuild/android-arm": "0.17.19",
        "@esbuild/android-arm64": "0.17.19",
        "@esbuild/android-x64": "0.17.19",
        "@esbuild/darwin-arm64": "0.17.19",
        "@esbuild/darwin-x64": "0.17.19",
        "@esbuild/freebsd-arm64": "0.17.19",
        "@esbuild/freebsd-x64": "0.17.19",
        "@esbuild/linux-arm": "0.17.19",
        "@esbuild/linux-arm64": "0.17.19",
        "@esbuild/linux-ia32": "0.17.19",
        "@esbuild/linux-loong64": "0.17.19",
        "@esbuild/linux-mips64el": "0.17.19",
        "@esbuild/linux-ppc64": "0.17.19",
        "@esbuild/linux-riscv64": "0.17.19",
        "@esbuild/linux-s390x": "0.17.19",
        "@esbuild/linux-x64": "0.17.19",
        "@esbuild/netbsd-x64": "0.17.19",
        "@esbuild/openbsd-x64": "0.17.19",
        "@esbuild/sunos-x64": "0.17.19",
        "@esbuild/win32-arm64": "0.17.19",
        "@esbuild/win32-ia32": "0.17.19",
        "@esbuild/win32-x64": "0.17.19"
      }
    },
    "node_modules/esutils": {
      "version": "2.0.3",
      "dev": true,
      "license": "BSD-2-Clause",
      "engines": {
        "node": ">=0.10.0"
      }
    },
    "node_modules/fast-diff": {
      "version": "1.2.0",
      "dev": true,
      "license": "Apache-2.0"
    },
    "node_modules/fsevents": {
      "version": "2.3.2",
      "dev": true,
      "license": "MIT",
      "optional": true,
      "os": [
        "darwin"
      ],
      "engines": {
        "node": "^8.16.0 || ^10.6.0 || >=11.0.0"
      }
    },
    "node_modules/get-func-name": {
      "version": "2.0.0",
      "dev": true,
      "license": "MIT",
      "engines": {
        "node": "*"
      }
    },
    "node_modules/js-string-escape": {
      "version": "1.0.1",
      "dev": true,
      "license": "MIT",
      "engines": {
        "node": ">= 0.8"
      }
    },
    "node_modules/jsonc-parser": {
      "version": "3.2.0",
      "dev": true,
      "license": "MIT"
    },
    "node_modules/local-pkg": {
      "version": "0.4.3",
      "dev": true,
      "license": "MIT",
      "engines": {
        "node": ">=14"
      },
      "funding": {
        "url": "https://github.com/sponsors/antfu"
      }
    },
    "node_modules/lodash": {
      "version": "4.17.21",
      "dev": true,
      "license": "MIT"
    },
    "node_modules/loupe": {
      "version": "2.3.6",
      "dev": true,
      "license": "MIT",
      "dependencies": {
        "get-func-name": "^2.0.0"
      }
    },
    "node_modules/lru-cache": {
      "version": "6.0.0",
      "dev": true,
      "license": "ISC",
      "dependencies": {
        "yallist": "^4.0.0"
      },
      "engines": {
        "node": ">=10"
      }
    },
    "node_modules/magic-string": {
      "version": "0.30.0",
      "dev": true,
      "license": "MIT",
      "dependencies": {
        "@jridgewell/sourcemap-codec": "^1.4.13"
      },
      "engines": {
        "node": ">=12"
      }
    },
    "node_modules/md5-hex": {
      "version": "3.0.1",
      "dev": true,
      "license": "MIT",
      "dependencies": {
        "blueimp-md5": "^2.10.0"
      },
      "engines": {
        "node": ">=8"
      }
    },
    "node_modules/micro-packed": {
      "version": "0.3.2",
      "funding": [
        {
          "type": "individual",
          "url": "https://paulmillr.com/funding/"
        }
      ],
      "license": "MIT",
      "dependencies": {
        "@scure/base": "~1.1.1"
      }
    },
    "node_modules/micro-stacks": {
      "version": "1.2.1",
      "license": "MIT",
      "dependencies": {
        "@noble/hashes": "1.1.2",
        "@noble/secp256k1": "1.6.3"
      },
      "engines": {
        "node": ">=14"
      },
      "peerDependencies": {
        "@scure/bip32": "1.1.0",
        "@scure/bip39": "1.1.0"
      },
      "peerDependenciesMeta": {
        "@scure/bip32": {
          "optional": true
        },
        "@scure/bip39": {
          "optional": true
        }
      }
    },
    "node_modules/micro-stacks/node_modules/@noble/hashes": {
      "version": "1.1.2",
      "funding": [
        {
          "type": "individual",
          "url": "https://paulmillr.com/funding/"
        }
      ],
      "license": "MIT"
    },
    "node_modules/micro-stacks/node_modules/@noble/secp256k1": {
      "version": "1.6.3",
      "funding": [
        {
          "type": "individual",
          "url": "https://paulmillr.com/funding/"
        }
      ],
      "license": "MIT"
    },
    "node_modules/mlly": {
      "version": "1.2.1",
      "dev": true,
      "license": "MIT",
      "dependencies": {
        "acorn": "^8.8.2",
        "pathe": "^1.1.0",
        "pkg-types": "^1.0.3",
        "ufo": "^1.1.2"
      }
    },
    "node_modules/ms": {
      "version": "2.1.2",
      "dev": true,
      "license": "MIT"
    },
    "node_modules/nanoid": {
      "version": "3.3.6",
      "dev": true,
      "funding": [
        {
          "type": "github",
          "url": "https://github.com/sponsors/ai"
        }
      ],
      "license": "MIT",
      "bin": {
        "nanoid": "bin/nanoid.cjs"
      },
      "engines": {
        "node": "^10 || ^12 || ^13.7 || ^14 || >=15.0.1"
      }
    },
    "node_modules/node-fetch": {
      "version": "2.6.11",
      "dev": true,
      "license": "MIT",
      "dependencies": {
        "whatwg-url": "^5.0.0"
      },
      "engines": {
        "node": "4.x || >=6.0.0"
      },
      "peerDependencies": {
        "encoding": "^0.1.0"
      },
      "peerDependenciesMeta": {
        "encoding": {
          "optional": true
        }
      }
    },
    "node_modules/p-limit": {
      "version": "4.0.0",
      "dev": true,
      "license": "MIT",
      "dependencies": {
        "yocto-queue": "^1.0.0"
      },
      "engines": {
        "node": "^12.20.0 || ^14.13.1 || >=16.0.0"
      },
      "funding": {
        "url": "https://github.com/sponsors/sindresorhus"
      }
    },
    "node_modules/pathe": {
      "version": "1.1.0",
      "dev": true,
      "license": "MIT"
    },
    "node_modules/pathval": {
      "version": "1.1.1",
      "dev": true,
      "license": "MIT",
      "engines": {
        "node": "*"
      }
    },
    "node_modules/picocolors": {
      "version": "1.0.0",
      "dev": true,
      "license": "ISC"
    },
    "node_modules/pkg-types": {
      "version": "1.0.3",
      "dev": true,
      "license": "MIT",
      "dependencies": {
        "jsonc-parser": "^3.2.0",
        "mlly": "^1.2.0",
        "pathe": "^1.1.0"
      }
    },
    "node_modules/postcss": {
      "version": "8.4.23",
      "dev": true,
      "funding": [
        {
          "type": "opencollective",
          "url": "https://opencollective.com/postcss/"
        },
        {
          "type": "tidelift",
          "url": "https://tidelift.com/funding/github/npm/postcss"
        },
        {
          "type": "github",
          "url": "https://github.com/sponsors/ai"
        }
      ],
      "license": "MIT",
      "dependencies": {
        "nanoid": "^3.3.6",
        "picocolors": "^1.0.0",
        "source-map-js": "^1.0.2"
      },
      "engines": {
        "node": "^10 || ^12 || >=14"
      }
    },
    "node_modules/pretty-format": {
      "version": "27.5.1",
      "dev": true,
      "license": "MIT",
      "dependencies": {
        "ansi-regex": "^5.0.1",
        "ansi-styles": "^5.0.0",
        "react-is": "^17.0.1"
      },
      "engines": {
        "node": "^10.13.0 || ^12.13.0 || ^14.15.0 || >=15.0.0"
      }
    },
    "node_modules/react-is": {
      "version": "17.0.2",
      "dev": true,
      "license": "MIT"
    },
    "node_modules/ripemd160-min": {
      "version": "0.0.6",
      "engines": {
        "node": ">=8"
      }
    },
    "node_modules/rollup": {
      "version": "3.22.0",
      "dev": true,
      "license": "MIT",
      "bin": {
        "rollup": "dist/bin/rollup"
      },
      "engines": {
        "node": ">=14.18.0",
        "npm": ">=8.0.0"
      },
      "optionalDependencies": {
        "fsevents": "~2.3.2"
      }
    },
    "node_modules/safe-buffer": {
      "version": "5.2.1",
      "funding": [
        {
          "type": "github",
          "url": "https://github.com/sponsors/feross"
        },
        {
          "type": "patreon",
          "url": "https://www.patreon.com/feross"
        },
        {
          "type": "consulting",
          "url": "https://feross.org/support"
        }
      ],
      "license": "MIT"
    },
    "node_modules/semver": {
      "version": "7.5.1",
      "dev": true,
      "license": "ISC",
      "dependencies": {
        "lru-cache": "^6.0.0"
      },
      "bin": {
        "semver": "bin/semver.js"
      },
      "engines": {
        "node": ">=10"
      }
    },
    "node_modules/siginfo": {
      "version": "2.0.0",
      "dev": true,
      "license": "ISC"
    },
    "node_modules/source-map-js": {
      "version": "1.0.2",
      "dev": true,
      "license": "BSD-3-Clause",
      "engines": {
        "node": ">=0.10.0"
      }
    },
    "node_modules/stackback": {
      "version": "0.0.2",
      "dev": true,
      "license": "MIT"
    },
    "node_modules/std-env": {
      "version": "3.3.3",
      "dev": true,
      "license": "MIT"
    },
    "node_modules/strip-literal": {
      "version": "1.0.1",
      "dev": true,
      "license": "MIT",
      "dependencies": {
        "acorn": "^8.8.2"
      },
      "funding": {
        "url": "https://github.com/sponsors/antfu"
      }
    },
    "node_modules/time-zone": {
      "version": "1.0.0",
      "dev": true,
      "license": "MIT",
      "engines": {
        "node": ">=4"
      }
    },
    "node_modules/tinybench": {
      "version": "2.5.0",
      "dev": true,
      "license": "MIT"
    },
    "node_modules/tinypool": {
      "version": "0.5.0",
      "dev": true,
      "license": "MIT",
      "engines": {
        "node": ">=14.0.0"
      }
    },
    "node_modules/tinyspy": {
      "version": "2.1.0",
      "dev": true,
      "license": "MIT",
      "engines": {
        "node": ">=14.0.0"
      }
    },
    "node_modules/tr46": {
      "version": "0.0.3",
      "dev": true,
      "license": "MIT"
    },
    "node_modules/type-detect": {
      "version": "4.0.8",
      "dev": true,
      "license": "MIT",
      "engines": {
        "node": ">=4"
      }
    },
    "node_modules/typescript": {
      "version": "5.0.4",
      "dev": true,
      "license": "Apache-2.0",
      "bin": {
        "tsc": "bin/tsc",
        "tsserver": "bin/tsserver"
      },
      "engines": {
        "node": ">=12.20"
      }
    },
    "node_modules/ufo": {
      "version": "1.1.2",
      "dev": true,
      "license": "MIT"
    },
    "node_modules/varuint-bitcoin": {
      "version": "1.1.2",
      "license": "MIT",
      "dependencies": {
        "safe-buffer": "^5.1.1"
      }
    },
    "node_modules/vite": {
      "version": "4.3.8",
      "dev": true,
      "license": "MIT",
      "dependencies": {
        "esbuild": "^0.17.5",
        "postcss": "^8.4.23",
        "rollup": "^3.21.0"
      },
      "bin": {
        "vite": "bin/vite.js"
      },
      "engines": {
        "node": "^14.18.0 || >=16.0.0"
      },
      "optionalDependencies": {
        "fsevents": "~2.3.2"
      },
      "peerDependencies": {
        "@types/node": ">= 14",
        "less": "*",
        "sass": "*",
        "stylus": "*",
        "sugarss": "*",
        "terser": "^5.4.0"
      },
      "peerDependenciesMeta": {
        "@types/node": {
          "optional": true
        },
        "less": {
          "optional": true
        },
        "sass": {
          "optional": true
        },
        "stylus": {
          "optional": true
        },
        "sugarss": {
          "optional": true
        },
        "terser": {
          "optional": true
        }
      }
    },
    "node_modules/vite-node": {
      "version": "0.31.1",
      "dev": true,
      "license": "MIT",
      "dependencies": {
        "cac": "^6.7.14",
        "debug": "^4.3.4",
        "mlly": "^1.2.0",
        "pathe": "^1.1.0",
        "picocolors": "^1.0.0",
        "vite": "^3.0.0 || ^4.0.0"
      },
      "bin": {
        "vite-node": "vite-node.mjs"
      },
      "engines": {
        "node": ">=v14.18.0"
      },
      "funding": {
        "url": "https://opencollective.com/vitest"
      }
    },
    "node_modules/vitest": {
      "version": "0.31.1",
      "dev": true,
      "license": "MIT",
      "dependencies": {
        "@types/chai": "^4.3.5",
        "@types/chai-subset": "^1.3.3",
        "@types/node": "*",
        "@vitest/expect": "0.31.1",
        "@vitest/runner": "0.31.1",
        "@vitest/snapshot": "0.31.1",
        "@vitest/spy": "0.31.1",
        "@vitest/utils": "0.31.1",
        "acorn": "^8.8.2",
        "acorn-walk": "^8.2.0",
        "cac": "^6.7.14",
        "chai": "^4.3.7",
        "concordance": "^5.0.4",
        "debug": "^4.3.4",
        "local-pkg": "^0.4.3",
        "magic-string": "^0.30.0",
        "pathe": "^1.1.0",
        "picocolors": "^1.0.0",
        "std-env": "^3.3.2",
        "strip-literal": "^1.0.1",
        "tinybench": "^2.5.0",
        "tinypool": "^0.5.0",
        "vite": "^3.0.0 || ^4.0.0",
        "vite-node": "0.31.1",
        "why-is-node-running": "^2.2.2"
      },
      "bin": {
        "vitest": "vitest.mjs"
      },
      "engines": {
        "node": ">=v14.18.0"
      },
      "funding": {
        "url": "https://opencollective.com/vitest"
      },
      "peerDependencies": {
        "@edge-runtime/vm": "*",
        "@vitest/browser": "*",
        "@vitest/ui": "*",
        "happy-dom": "*",
        "jsdom": "*",
        "playwright": "*",
        "safaridriver": "*",
        "webdriverio": "*"
      },
      "peerDependenciesMeta": {
        "@edge-runtime/vm": {
          "optional": true
        },
        "@vitest/browser": {
          "optional": true
        },
        "@vitest/ui": {
          "optional": true
        },
        "happy-dom": {
          "optional": true
        },
        "jsdom": {
          "optional": true
        },
        "playwright": {
          "optional": true
        },
        "safaridriver": {
          "optional": true
        },
        "webdriverio": {
          "optional": true
        }
      }
    },
    "node_modules/vitest-fetch-mock": {
      "version": "0.2.2",
      "dev": true,
      "license": "MIT",
      "dependencies": {
        "cross-fetch": "^3.0.6"
      },
      "engines": {
        "node": ">=14.14.0"
      },
      "peerDependencies": {
        "vitest": ">=0.16.0"
      }
    },
    "node_modules/webidl-conversions": {
      "version": "3.0.1",
      "dev": true,
      "license": "BSD-2-Clause"
    },
    "node_modules/well-known-symbols": {
      "version": "2.0.0",
      "dev": true,
      "license": "ISC",
      "engines": {
        "node": ">=6"
      }
    },
    "node_modules/whatwg-url": {
      "version": "5.0.0",
      "dev": true,
      "license": "MIT",
      "dependencies": {
        "tr46": "~0.0.3",
        "webidl-conversions": "^3.0.0"
      }
    },
    "node_modules/why-is-node-running": {
      "version": "2.2.2",
      "dev": true,
      "license": "MIT",
      "dependencies": {
        "siginfo": "^2.0.0",
        "stackback": "0.0.2"
      },
      "bin": {
        "why-is-node-running": "cli.js"
      },
      "engines": {
        "node": ">=8"
      }
    },
    "node_modules/yallist": {
      "version": "4.0.0",
      "dev": true,
      "license": "ISC"
    },
    "node_modules/yocto-queue": {
      "version": "1.0.0",
      "dev": true,
      "license": "MIT",
      "engines": {
        "node": ">=12.20"
      },
      "funding": {
        "url": "https://github.com/sponsors/sindresorhus"
      }
    }
  }
}
